PODS:
  - Base64 (1.1.2)
  - CMPComapiFoundation (2.0.1):
    - SocketRocket
  - JWT (2.2.0):
    - Base64 (~> 1.1.2)
  - JWTDecode (2.4.1)
  - SocketRocket (0.5.1)

DEPENDENCIES:
  - CMPComapiFoundation
  - JWT
  - JWTDecode

SPEC REPOS:
  trunk:
    - Base64
    - CMPComapiFoundation
    - JWT
    - JWTDecode
    - SocketRocket

SPEC CHECKSUMS:
  Base64: cecfb41a004124895a7bcee567a89bae5a89d49b
  CMPComapiFoundation: 5f3ae1dfa44639289e5bf5e2ec9afbb1011b059e
  JWT: cf73c0ab0dac762df3de8a3f1164352089d97780
  JWTDecode: 4bd4da0cdf0f8154fd467fa48499f34ec057fb88
  SocketRocket: d57c7159b83c3c6655745cd15302aa24b6bae531

PODFILE CHECKSUM: b0fd22c8b97b4d1adf2bc3013a9925673b75ef7d

COCOAPODS: 1.9.1
